
Microsoft Visual Studio Solution File, Format Version 12.00
# Visual Studio Version 17
VisualStudioVersion = 17.6.33801.468
MinimumVisualStudioVersion = 10.0.40219.1
Project("{FAE04EC0-301F-11D3-BF4B-00C04F79EFBC}") = "SchoolDataManagerApp", "SchoolDataManagerApp\SchoolDataManagerApp.csproj", "{C1A96666-33D1-407A-BBB6-679D07357A75}"
EndProject
Project("{FAE04EC0-301F-11D3-BF4B-00C04F79EFBC}") = "SchoolData", "SchoolData\SchoolData.csproj", "{29BDB0F0-994D-4E5A-9895-1374A8343E8B}"
EndProject
Global
	GlobalSection(SolutionConfigurationPlatforms) = preSolution
		Debug|Any CPU = Debug|Any CPU
		Release|Any CPU = Release|Any CPU
	EndGlobalSection
	GlobalSection(ProjectConfigurationPlatforms) = postSolution
		{C1A96666-33D1-407A-BBB6-679D07357A75}.Debug|Any CPU.ActiveCfg = Debug|Any CPU
		{C1A96666-33D1-407A-BBB6-679D07357A75}.Debug|Any CPU.Build.0 = Debug|Any CPU
		{C1A96666-33D1-407A-BBB6-679D07357A75}.Release|Any CPU.ActiveCfg = Release|Any CPU
		{C1A96666-33D1-407A-BBB6-679D07357A75}.Release|Any CPU.Build.0 = Release|Any CPU
		{29BDB0F0-994D-4E5A-9895-1374A8343E8B}.Debug|Any CPU.ActiveCfg = Debug|Any CPU
		{29BDB0F0-994D-4E5A-9895-1374A8343E8B}.Debug|Any CPU.Build.0 = Debug|Any CPU
		{29BDB0F0-994D-4E5A-9895-1374A8343E8B}.Release|Any CPU.ActiveCfg = Release|Any CPU
		{29BDB0F0-994D-4E5A-9895-1374A8343E8B}.Release|Any CPU.Build.0 = Release|Any CPU
	EndGlobalSection
	GlobalSection(SolutionProperties) = preSolution
		HideSolutionNode = FALSE
	EndGlobalSection
	GlobalSection(ExtensibilityGlobals) = postSolution
		SolutionGuid = {B26BD70F-18D6-4E3F-81C7-114B942E86FD}
	EndGlobalSection
EndGlobal
